
Microsoft Visual Studio Solution File, Format Version 12.00
Project("{FAE04EC0-301F-11D3-BF4B-00C04F79EFBC}") = "Helpdesk.Website", "Helpdesk.Website\Helpdesk.Website.csproj", "{362DAD33-F43A-4A88-AAC8-8BC1639D09DB}"
EndProject
Global
	GlobalSection(SolutionConfigurationPlatforms) = preSolution
		Debug|Any CPU = Debug|Any CPU
		Release|Any CPU = Release|Any CPU
	EndGlobalSection
	GlobalSection(ProjectConfigurationPlatforms) = postSolution
		{362DAD33-F43A-4A88-AAC8-8BC1639D09DB}.Debug|Any CPU.ActiveCfg = Debug|Any CPU
		{362DAD33-F43A-4A88-AAC8-8BC1639D09DB}.Debug|Any CPU.Build.0 = Debug|Any CPU
		{362DAD33-F43A-4A88-AAC8-8BC1639D09DB}.Release|Any CPU.ActiveCfg = Release|Any CPU
		{362DAD33-F43A-4A88-AAC8-8BC1639D09DB}.Release|Any CPU.Build.0 = Release|Any CPU
	EndGlobalSection
EndGlobal
